version = 1
revision = 3
requires-python = ">=3.10"

[[package]]
name = "embed-lrc-flac"
version = "0.1.0"
source = { virtual = "." }
dependencies = [
    { name = "imageio-ffmpeg" },
    { name = "mutagen" },
]

[package.metadata]
requires-dist = [
    { name = "imageio-ffmpeg", specifier = ">=0.5.1" },
    { name = "mutagen", specifier = ">=1.47" },
]

[[package]]
name = "imageio-ffmpeg"
version = "0.6.0"
source = { registry = "https://pypi.org/simple" }
sdist = { url = "https://files.pythonhosted.org/packages/44/bd/c3343c721f2a1b0c9fc71c1aebf1966a3b7f08c2eea8ed5437a2865611d6/imageio_ffmpeg-0.6.0.tar.gz", hash = "sha256:e2556bed8e005564a9f925bb7afa4002d82770d6b08825078b7697ab88ba1755", size = 25210, upload-time = "2025-01-16T21:34:32.747Z" }
wheels = [
    { url = "https://files.pythonhosted.org/packages/da/58/87ef68ac83f4c7690961bce288fd8e382bc5f1513860fc7f90a9c1c1c6bf/imageio_ffmpeg-0.6.0-py3-none-macosx_10_9_intel.macosx_10_9_x86_64.whl", hash = "sha256:9d2baaf867088508d4a3458e61eeb30e945c4ad8016025545f66c4b5aaef0a61", size = 24932969, upload-time = "2025-01-16T21:34:20.464Z" },
    { url = "https://files.pythonhosted.org/packages/40/5c/f3d8a657d362cc93b81aab8feda487317da5b5d31c0e1fdfd5e986e55d17/imageio_ffmpeg-0.6.0-py3-none-macosx_11_0_arm64.whl", hash = "sha256:b1ae3173414b5fc5f538a726c4e48ea97edc0d2cdc11f103afee655c463fa742", size = 21113891, upload-time = "2025-01-16T21:34:00.277Z" },
    { url = "https://files.pythonhosted.org/packages/33/e7/1925bfbc563c39c1d2e82501d8372734a5c725e53ac3b31b4c2d081e895b/imageio_ffmpeg-0.6.0-py3-none-manylinux2014_aarch64.whl", hash = "sha256:1d47bebd83d2c5fc770720d211855f208af8a596c82d17730aa51e815cdee6dc", size = 25632706, upload-time = "2025-01-16T21:33:53.475Z" },
    { url = "https://files.pythonhosted.org/packages/a0/2d/43c8522a2038e9d0e7dbdf3a61195ecc31ca576fb1527a528c877e87d973/imageio_ffmpeg-0.6.0-py3-none-manylinux2014_x86_64.whl", hash = "sha256:c7e46fcec401dd990405049d2e2f475e2b397779df2519b544b8aab515195282", size = 29498237, upload-time = "2025-01-16T21:34:13.726Z" },
    { url = "https://files.pythonhosted.org/packages/a0/13/59da54728351883c3c1d9fca1710ab8eee82c7beba585df8f25ca925f08f/imageio_ffmpeg-0.6.0-py3-none-win32.whl", hash = "sha256:196faa79366b4a82f95c0f4053191d2013f4714a715780f0ad2a68ff37483cc2", size = 19652251, upload-time = "2025-01-16T21:34:06.812Z" },
    { url = "https://files.pythonhosted.org/packages/2c/c6/fa760e12a2483469e2bf5058c5faff664acf66cadb4df2ad6205b016a73d/imageio_ffmpeg-0.6.0-py3-none-win_amd64.whl", hash = "sha256:02fa47c83703c37df6bfe4896aab339013f62bf02c5ebf2dce6da56af04ffc0a", size = 31246824, upload-time = "2025-01-16T21:34:28.6Z" },
]

[[package]]
name = "mutagen"
version = "1.48.1"
source = { registry = "https://pypi.org/simple" }
sdist = { url = "https://files.pythonhosted.org/packages/df/70/1675da133ea92227da41bf5b24e1c66be597ff736a1533ade41da986852f/mutagen-1.48.1.tar.gz", hash = "sha256:8f95637ab9f6f305cec6bd1294e197debe207998e3e068596563c74f86b0a173", size = 1276978, upload-time = "2026-06-25T09:47:32.443Z" }
wheels = [
    { url = "https://files.pythonhosted.org/packages/47/d8/a29e4e3991765e7ce4ed1f7e4074fe1ba9da03e0048639734de60f9cadb9/mutagen-1.48.1-py3-none-any.whl", hash = "sha256:4f077fe87d3fc7fba259aa63d8c026b18382ca6a42ef37c61e16f1b1b5b82fe7", size = 195706, upload-time = "2026-06-25T09:47:30.296Z" },
]
